
Microsoft Visual Studio Solution File, Format Version 12.00
# Visual Studio Version 17
VisualStudioVersion = 17.6.33801.468
MinimumVisualStudioVersion = 10.0.40219.1
Project("{FAE04EC0-301F-11D3-BF4B-00C04F79EFBC}") = "Catalog", "Catalog.csproj", "{C74A60EB-50D3-4753-89EF-EFC097630FDF}"
EndProject
Global
	GlobalSection(SolutionConfigurationPlatforms) = preSolution
		Debug|Any CPU = Debug|Any CPU
		Release|Any CPU = Release|Any CPU
	EndGlobalSection
	GlobalSection(ProjectConfigurationPlatforms) = postSolution
		{C74A60EB-50D3-4753-89EF-EFC097630FDF}.Debug|Any CPU.ActiveCfg = Debug|Any CPU
		{C74A60EB-50D3-4753-89EF-EFC097630FDF}.Debug|Any CPU.Build.0 = Debug|Any CPU
		{C74A60EB-50D3-4753-89EF-EFC097630FDF}.Release|Any CPU.ActiveCfg = Release|Any CPU
		{C74A60EB-50D3-4753-89EF-EFC097630FDF}.Release|Any CPU.Build.0 = Release|Any CPU
	EndGlobalSection
	GlobalSection(SolutionProperties) = preSolution
		HideSolutionNode = FALSE
	EndGlobalSection
	GlobalSection(ExtensibilityGlobals) = postSolution
		SolutionGuid = {6CC1F8C0-1093-4FB5-ADFF-64E8E595CD3B}
	EndGlobalSection
EndGlobal
